
Microsoft Visual Studio Solution File, Format Version 12.00
# Visual Studio Version 16
VisualStudioVersion = 16.0.30320.27
MinimumVisualStudioVersion = 10.0.40219.1
Project("{FAE04EC0-301F-11D3-BF4B-00C04F79EFBC}") = "Trading company", "Trading company.csproj", "{D4B2BF4D-64BB-4162-A3A0-135E09E88623}"
EndProject
Global
	GlobalSection(SolutionConfigurationPlatforms) = preSolution
		Debug|Any CPU = Debug|Any CPU
		Release|Any CPU = Release|Any CPU
	EndGlobalSection
	GlobalSection(ProjectConfigurationPlatforms) = postSolution
		{D4B2BF4D-64BB-4162-A3A0-135E09E88623}.Debug|Any CPU.ActiveCfg = Debug|Any CPU
		{D4B2BF4D-64BB-4162-A3A0-135E09E88623}.Debug|Any CPU.Build.0 = Debug|Any CPU
		{D4B2BF4D-64BB-4162-A3A0-135E09E88623}.Release|Any CPU.ActiveCfg = Release|Any CPU
		{D4B2BF4D-64BB-4162-A3A0-135E09E88623}.Release|Any CPU.Build.0 = Release|Any CPU
	EndGlobalSection
	GlobalSection(SolutionProperties) = preSolution
		HideSolutionNode = FALSE
	EndGlobalSection
	GlobalSection(ExtensibilityGlobals) = postSolution
		SolutionGuid = {45C04F6B-4A4B-45A0-9883-31D3A62B6A5B}
	EndGlobalSection
EndGlobal
